
Microsoft Visual Studio Solution File, Format Version 12.00
# Visual Studio Version 16
VisualStudioVersion = 16.0.31025.194
MinimumVisualStudioVersion = 10.0.40219.1
Project("{9A19103F-16F7-4668-BE54-9A1E7A4F7556}") = "algorithms-and-structures", "algorithms-and-structures.csproj", "{A963DE9B-58D5-4A4E-9A0C-27176D3E8E1D}"
EndProject
Project("{FAE04EC0-301F-11D3-BF4B-00C04F79EFBC}") = "structures-test", "..\structures-test\structures-test.csproj", "{52C28B2F-C61A-481A-82FD-6120DD9CA49C}"
EndProject
Global
	GlobalSection(SolutionConfigurationPlatforms) = preSolution
		Debug|Any CPU = Debug|Any CPU
		Release|Any CPU = Release|Any CPU
	EndGlobalSection
	GlobalSection(ProjectConfigurationPlatforms) = postSolution
		{A963DE9B-58D5-4A4E-9A0C-27176D3E8E1D}.Debug|Any CPU.ActiveCfg = Debug|Any CPU
		{A963DE9B-58D5-4A4E-9A0C-27176D3E8E1D}.Debug|Any CPU.Build.0 = Debug|Any CPU
		{A963DE9B-58D5-4A4E-9A0C-27176D3E8E1D}.Release|Any CPU.ActiveCfg = Release|Any CPU
		{A963DE9B-58D5-4A4E-9A0C-27176D3E8E1D}.Release|Any CPU.Build.0 = Release|Any CPU
		{52C28B2F-C61A-481A-82FD-6120DD9CA49C}.Debug|Any CPU.ActiveCfg = Debug|Any CPU
		{52C28B2F-C61A-481A-82FD-6120DD9CA49C}.Debug|Any CPU.Build.0 = Debug|Any CPU
		{52C28B2F-C61A-481A-82FD-6120DD9CA49C}.Release|Any CPU.ActiveCfg = Release|Any CPU
		{52C28B2F-C61A-481A-82FD-6120DD9CA49C}.Release|Any CPU.Build.0 = Release|Any CPU
	EndGlobalSection
	GlobalSection(SolutionProperties) = preSolution
		HideSolutionNode = FALSE
	EndGlobalSection
	GlobalSection(ExtensibilityGlobals) = postSolution
		SolutionGuid = {8DA9E9CD-C9A8-40C6-80BF-B87E0A8179D6}
	EndGlobalSection
EndGlobal
